# This file is generated by running "yarn install" inside your project.
# Manual changes might be lost - proceed with caution!

__metadata:
  version: 6
  cacheKey: 8

"@electron/notarize@npm:^1.2.3":
  version: 1.2.3
  resolution: "@electron/notarize@npm:1.2.3"
  dependencies:
    debug: ^4.1.1
    fs-extra: ^9.0.1
  checksum: 2e2d930a116948492616eb3c51df48f41ae5a9eac83c4e7de96e93d7f9c725b5e6c8e02c3b2644fe801e4b711b9d3f4f2a6f9ac8ab95b0f6eb1189c490981523
  languageName: node
  linkType: hard

"at-least-node@npm:^1.0.0":
  version: 1.0.0
  resolution: "at-least-node@npm:1.0.0"
  checksum: 463e2f8e43384f1afb54bc68485c436d7622acec08b6fad269b421cb1d29cebb5af751426793d0961ed243146fe4dc983402f6d5a51b720b277818dbf6f2e49e
  languageName: node
  linkType: hard

"builder@workspace:.":
  version: 0.0.0-use.local
  resolution: "builder@workspace:."
  dependencies:
    "@electron/notarize": ^1.2.3
  languageName: unknown
  linkType: soft

"debug@npm:^4.1.1":
  version: 4.3.4
  resolution: "debug@npm:4.3.4"
  dependencies:
    ms: 2.1.2
  peerDependenciesMeta:
    supports-color:
      optional: true
  checksum: 3dbad3f94ea64f34431a9cbf0bafb61853eda57bff2880036153438f50fb5a84f27683ba0d8e5426bf41a8c6ff03879488120cf5b3a761e77953169c0600a708
  languageName: node
  linkType: hard

"fs-extra@npm:^9.0.1":
  version: 9.1.0
  resolution: "fs-extra@npm:9.1.0"
  dependencies:
    at-least-node: ^1.0.0
    graceful-fs: ^4.2.0
    jsonfile: ^6.0.1
    universalify: ^2.0.0
  checksum: ba71ba32e0faa74ab931b7a0031d1523c66a73e225de7426e275e238e312d07313d2da2d33e34a52aa406c8763ade5712eb3ec9ba4d9edce652bcacdc29e6b20
  languageName: node
  linkType: hard

"graceful-fs@npm:^4.1.6, graceful-fs@npm:^4.2.0":
  version: 4.2.10
  resolution: "graceful-fs@npm:4.2.10"
  checksum: 3f109d70ae123951905d85032ebeae3c2a5a7a997430df00ea30df0e3a6c60cf6689b109654d6fdacd28810a053348c4d14642da1d075049e6be1ba5216218da
  languageName: node
  linkType: hard

"jsonfile@npm:^6.0.1":
  version: 6.1.0
  resolution: "jsonfile@npm:6.1.0"
  dependencies:
    graceful-fs: ^4.1.6
    universalify: ^2.0.0
  dependenciesMeta:
    graceful-fs:
      optional: true
  checksum: 7af3b8e1ac8fe7f1eccc6263c6ca14e1966fcbc74b618d3c78a0a2075579487547b94f72b7a1114e844a1e15bb00d440e5d1720bfc4612d790a6f285d5ea8354
  languageName: node
  linkType: hard

"ms@npm:2.1.2":
  version: 2.1.2
  resolution: "ms@npm:2.1.2"
  checksum: 673cdb2c3133eb050c745908d8ce632ed2c02d85640e2edb3ace856a2266a813b30c613569bf3354fdf4ea7d1a1494add3bfa95e2713baa27d0c2c71fc44f58f
  languageName: node
  linkType: hard

"universalify@npm:^2.0.0":
  version: 2.0.0
  resolution: "universalify@npm:2.0.0"
  checksum: 2406a4edf4a8830aa6813278bab1f953a8e40f2f63a37873ffa9a3bc8f9745d06cc8e88f3572cb899b7e509013f7f6fcc3e37e8a6d914167a5381d8440518c44
  languageName: node
  linkType: hard
